
Microsoft Visual Studio Solution File, Format Version 12.00
# Visual Studio Version 17
VisualStudioVersion = 17.6.33723.286
MinimumVisualStudioVersion = 10.0.40219.1
Project("{FAE04EC0-301F-11D3-BF4B-00C04F79EFBC}") = "Api", "Api\Api.csproj", "{79DE892D-0FED-4DA5-A986-AFE17482E77D}"
EndProject
Project("{2150E333-8FDC-42A3-9474-1A3956D46DE8}") = "Web", "Web", "{182C6F20-2452-4820-92CE-51E652A358F5}"
EndProject
Project("{2150E333-8FDC-42A3-9474-1A3956D46DE8}") = "Apoio", "Apoio", "{5F81BDBC-2CDC-4C7C-9B81-18AA3C50C2AD}"
EndProject
Project("{FAE04EC0-301F-11D3-BF4B-00C04F79EFBC}") = "Entidades", "Entidades\Entidades.csproj", "{0C1880DB-A779-42AF-AA4F-DE9B18FE6709}"
EndProject
Project("{FAE04EC0-301F-11D3-BF4B-00C04F79EFBC}") = "ViewModels", "ViewModels\ViewModels.csproj", "{1AA2362F-A379-4027-A71F-44DFDD13BC0C}"
EndProject
Project("{FAE04EC0-301F-11D3-BF4B-00C04F79EFBC}") = "Servicos", "Servicos\Servicos.csproj", "{416C3F9A-0983-41CD-9929-F11875D57F78}"
EndProject
Global
	GlobalSection(SolutionConfigurationPlatforms) = preSolution
		Debug|Any CPU = Debug|Any CPU
		Release|Any CPU = Release|Any CPU
	EndGlobalSection
	GlobalSection(ProjectConfigurationPlatforms) = postSolution
		{79DE892D-0FED-4DA5-A986-AFE17482E77D}.Debug|Any CPU.ActiveCfg = Debug|Any CPU
		{79DE892D-0FED-4DA5-A986-AFE17482E77D}.Debug|Any CPU.Build.0 = Debug|Any CPU
		{79DE892D-0FED-4DA5-A986-AFE17482E77D}.Release|Any CPU.ActiveCfg = Release|Any CPU
		{79DE892D-0FED-4DA5-A986-AFE17482E77D}.Release|Any CPU.Build.0 = Release|Any CPU
		{0C1880DB-A779-42AF-AA4F-DE9B18FE6709}.Debug|Any CPU.ActiveCfg = Debug|Any CPU
		{0C1880DB-A779-42AF-AA4F-DE9B18FE6709}.Debug|Any CPU.Build.0 = Debug|Any CPU
		{0C1880DB-A779-42AF-AA4F-DE9B18FE6709}.Release|Any CPU.ActiveCfg = Release|Any CPU
		{0C1880DB-A779-42AF-AA4F-DE9B18FE6709}.Release|Any CPU.Build.0 = Release|Any CPU
		{1AA2362F-A379-4027-A71F-44DFDD13BC0C}.Debug|Any CPU.ActiveCfg = Debug|Any CPU
		{1AA2362F-A379-4027-A71F-44DFDD13BC0C}.Debug|Any CPU.Build.0 = Debug|Any CPU
		{1AA2362F-A379-4027-A71F-44DFDD13BC0C}.Release|Any CPU.ActiveCfg = Release|Any CPU
		{1AA2362F-A379-4027-A71F-44DFDD13BC0C}.Release|Any CPU.Build.0 = Release|Any CPU
		{416C3F9A-0983-41CD-9929-F11875D57F78}.Debug|Any CPU.ActiveCfg = Debug|Any CPU
		{416C3F9A-0983-41CD-9929-F11875D57F78}.Debug|Any CPU.Build.0 = Debug|Any CPU
		{416C3F9A-0983-41CD-9929-F11875D57F78}.Release|Any CPU.ActiveCfg = Release|Any CPU
		{416C3F9A-0983-41CD-9929-F11875D57F78}.Release|Any CPU.Build.0 = Release|Any CPU
	EndGlobalSection
	GlobalSection(SolutionProperties) = preSolution
		HideSolutionNode = FALSE
	EndGlobalSection
	GlobalSection(NestedProjects) = preSolution
		{79DE892D-0FED-4DA5-A986-AFE17482E77D} = {182C6F20-2452-4820-92CE-51E652A358F5}
		{0C1880DB-A779-42AF-AA4F-DE9B18FE6709} = {5F81BDBC-2CDC-4C7C-9B81-18AA3C50C2AD}
		{1AA2362F-A379-4027-A71F-44DFDD13BC0C} = {5F81BDBC-2CDC-4C7C-9B81-18AA3C50C2AD}
		{416C3F9A-0983-41CD-9929-F11875D57F78} = {5F81BDBC-2CDC-4C7C-9B81-18AA3C50C2AD}
	EndGlobalSection
	GlobalSection(ExtensibilityGlobals) = postSolution
		SolutionGuid = {6F4250CB-E932-4426-8E2F-6CF27D1C69E0}
	EndGlobalSection
EndGlobal
